PODS:
  - R.swift (3.1.0):
    - R.swift.Library (~> 3.0.2)
  - R.swift.Library (3.0.2)

DEPENDENCIES:
  - R.swift

SPEC CHECKSUMS:
  R.swift: 14400e5784224d1e4e59a8fc5549198c7e8fe360
  R.swift.Library: fbdec16c9802ad104fc1ba53415dc190e6ec5c73

PODFILE CHECKSUM: 5e581e6eac26bfaeae80a2baefdce57a04f8915f

COCOAPODS: 1.1.1
