// !$*UTF8*$!
{
	archiveVersion = 1;
	classes = {
	};
	objectVersion = 46;
	objects = {

/* Begin PBXBuildFile section */
		9AB5A1AF1E20CD5100270370 /* AppDelegate.swift in Sources */ = {isa = PBXBuildFile; fileRef = 9AB5A1AE1E20CD5100270370 /* AppDelegate.swift */; };
		9AB5A1B11E20CD5100270370 /* ViewController.swift in Sources */ = {isa = PBXBuildFile; fileRef = 9AB5A1B01E20CD5100270370 /* ViewController.swift */; };
		9AB5A1B41E20CD5100270370 /* Main.storyboard in Resources */ = {isa = PBXBuildFile; fileRef = 9AB5A1B21E20CD5100270370 /* Main.storyboard */; };
		9AB5A1B61E20CD5100270370 /* Assets.xcassets in Resources */ = {isa = PBXBuildFile; fileRef = 9AB5A1B51E20CD5100270370 /* Assets.xcassets */; };
		9AB5A1B91E20CD5100270370 /* LaunchScreen.storyboard in Resources */ = {isa = PBXBuildFile; fileRef = 9AB5A1B71E20CD5100270370 /* LaunchScreen.storyboard */; };
/* End PBXBuildFile section */

/* Begin PBXFileReference section */
		9AB5A1AB1E20CD5100270370 /* SampleIOSSnapshot.app */ = {isa = PBXFileReference; explicitFileType = wrapper.application; includeInIndex = 0; path = SampleIOSSnapshot.app; sourceTree = BUILT_PRODUCTS_DIR; };
		9AB5A1AE1E20CD5100270370 /* AppDelegate.swift */ = {isa = PBXFileReference; lastKnownFileType = sourcecode.swift; path = AppDelegate.swift; sourceTree = "<group>"; };
		9AB5A1B01E20CD5100270370 /* ViewController.swift */ = {isa = PBXFileReference; lastKnownFileType = sourcecode.swift; path = ViewController.swift; sourceTree = "<group>"; };
		9AB5A1B31E20CD5100270370 /* Base */ = {isa = PBXFileReference; lastKnownFileType = file.storyboard; name = Base; path = Base.lproj/Main.storyboard; sourceTree = "<group>"; };
		9AB5A1B51E20CD5100270370 /* Assets.xcassets */ = {isa = PBXFileReference; lastKnownFileType = folder.assetcatalog; path = Assets.xcassets; sourceTree = "<group>"; };
		9AB5A1B81E20CD5100270370 /* Base */ = {isa = PBXFileReference; lastKnownFileType = file.storyboard; name = Base; path = Base.lproj/LaunchScreen.storyboard; sourceTree = "<group>"; };
		9AB5A1BA1E20CD5100270370 /* Info.plist */ = {isa = PBXFileReference; lastKnownFileType = text.plist.xml; path = Info.plist; sourceTree = "<group>"; };
/* End PBXFileReference section */

/* Begin PBXFrameworksBuildPhase section */
		9AB5A1A81E20CD5000270370 /* Frameworks */ = {
			isa = PBXFrameworksBuildPhase;
			buildActionMask = 2147483647;
			files = (
			);
			runOnlyForDeploymentPostprocessing = 0;
		};
/* End PBXFrameworksBuildPhase section */

/* Begin PBXGroup section */
		9AB5A1A21E20CD5000270370 = {
			isa = PBXGroup;
			children = (
				9AB5A1AD1E20CD5100270370 /* SampleIOSSnapshot */,
				9AB5A1AC1E20CD5100270370 /* Products */,
			);
			sourceTree = "<group>";
		};
		9AB5A1AC1E20CD5100270370 /* Products */ = {
			isa = PBXGroup;
			children = (
				9AB5A1AB1E20CD5100270370 /* SampleIOSSnapshot.app */,
			);
			name = Products;
			sourceTree = "<group>";
		};
		9AB5A1AD1E20CD5100270370 /* SampleIOSSnapshot */ = {
			isa = PBXGroup;
			children = (
				9AB5A1AE1E20CD5100270370 /* AppDelegate.swift */,
				9AB5A1B01E20CD5100270370 /* ViewController.swift */,
				9AB5A1B21E20CD5100270370 /* Main.storyboard */,
				9AB5A1B51E20CD5100270370 /* Assets.xcassets */,
				9AB5A1B71E20CD5100270370 /* LaunchScreen.storyboard */,
				9AB5A1BA1E20CD5100270370 /* Info.plist */,
			);
			path = SampleIOSSnapshot;
			sourceTree = "<group>";
		};
/* End PBXGroup section */

/* Begin PBXNativeTarget section */
		9AB5A1AA1E20CD5000270370 /* SampleIOSSnapshot */ = {
			isa = PBXNativeTarget;
			buildConfigurationList = 9AB5A1BD1E20CD5100270370 /* Build configuration list for PBXNativeTarget "SampleIOSSnapshot" */;
			buildPhases = (
				9AB5A1A71E20CD5000270370 /* Sources */,
				9AB5A1A81E20CD5000270370 /* Frameworks */,
				9AB5A1A91E20CD5000270370 /* Resources */,
			);
			buildRules = (
			);
			dependencies = (
			);
			name = SampleIOSSnapshot;
			productName = SampleIOSSnapshot;
			productReference = 9AB5A1AB1E20CD5100270370 /* SampleIOSSnapshot.app */;
			productType = "com.apple.product-type.application";
		};
/* End PBXNativeTarget section */

/* Begin PBXProject section */
		9AB5A1A31E20CD5000270370 /* Project object */ = {
			isa = PBXProject;
			attributes = {
				LastSwiftUpdateCheck = 0820;
				LastUpgradeCheck = 0820;
				ORGANIZATIONNAME = moko;
				TargetAttributes = {
					9AB5A1AA1E20CD5000270370 = {
						CreatedOnToolsVersion = 8.2;
						DevelopmentTeam = EEUTV9WE3D;
						ProvisioningStyle = Automatic;
					};
				};
			};
			buildConfigurationList = 9AB5A1A61E20CD5000270370 /* Build configuration list for PBXProject "SampleIOSSnapshot" */;
			compatibilityVersion = "Xcode 3.2";
			developmentRegion = English;
			hasScannedForEncodings = 0;
			knownRegions = (
				en,
				Base,
			);
			mainGroup = 9AB5A1A21E20CD5000270370;
			productRefGroup = 9AB5A1AC1E20CD5100270370 /* Products */;
			projectDirPath = "";
			projectRoot = "";
			targets = (
				9AB5A1AA1E20CD5000270370 /* SampleIOSSnapshot */,
			);
		};
/* End PBXProject section */

/* Begin PBXResourcesBuildPhase section */
		9AB5A1A91E20CD5000270370 /* Resources */ = {
			isa = PBXResourcesBuildPhase;
			buildActionMask = 2147483647;
			files = (
				9AB5A1B91E20CD5100270370 /* LaunchScreen.storyboard in Resources */,
				9AB5A1B61E20CD5100270370 /* Assets.xcassets in Resources */,
				9AB5A1B41E20CD5100270370 /* Main.storyboard in Resources */,
			);
			runOnlyForDeploymentPostprocessing = 0;
		};
/* End PBXResourcesBuildPhase section */

/* Begin PBXSourcesBuildPhase section */
		9AB5A1A71E20CD5000270370 /* Sources */ = {
			isa = PBXSourcesBuildPhase;
			buildActionMask = 2147483647;
			files = (
				9AB5A1B11E20CD5100270370 /* ViewController.swift in Sources */,
				9AB5A1AF1E20CD5100270370 /* AppDelegate.swift in Sources */,
			);
			runOnlyForDeploymentPostprocessing = 0;
		};
/* End PBXSourcesBuildPhase section */

/* Begin PBXVariantGroup section */
		9AB5A1B21E20CD5100270370 /* Main.storyboard */ = {
			isa = PBXVariantGroup;
			children = (
				9AB5A1B31E20CD5100270370 /* Base */,
			);
			name = Main.storyboard;
			sourceTree = "<group>";
		};
		9AB5A1B71E20CD5100270370 /* LaunchScreen.storyboard */ = {
			isa = PBXVariantGroup;
			children = (
				9AB5A1B81E20CD5100270370 /* Base */,
			);
			name = LaunchScreen.storyboard;
			sourceTree = "<group>";
		};
/* End PBXVariantGroup section */

/* Begin XCBuildConfiguration section */
		9AB5A1BB1E20CD5100270370 /* Debug */ = {
			isa = XCBuildConfiguration;
			buildSettings = {
				ALWAYS_SEARCH_USER_PATHS = NO;
				CLANG_ANALYZER_NONNULL = YES;
				CLANG_CXX_LANGUAGE_STANDARD = "gnu++0x";
				CLANG_CXX_LIBRARY = "libc++";
				CLANG_ENABLE_MODULES = YES;
				CLANG_ENABLE_OBJC_ARC = YES;
				CLANG_WARN_BOOL_CONVERSION = YES;
				CLANG_WARN_CONSTANT_CONVERSION = YES;
				CLANG_WARN_DIRECT_OBJC_ISA_USAGE = YES_ERROR;
				CLANG_WARN_DOCUMENTATION_COMMENTS = YES;
				CLANG_WARN_EMPTY_BODY = YES;
				CLANG_WARN_ENUM_CONVERSION = YES;
				CLANG_WARN_INFINITE_RECURSION = YES;
				CLANG_WARN_INT_CONVERSION = YES;
				CLANG_WARN_OBJC_ROOT_CLASS = YES_ERROR;
				CLANG_WARN_SUSPICIOUS_MOVE = YES;
				CLANG_WARN_UNREACHABLE_CODE = YES;
				CLANG_WARN__DUPLICATE_METHOD_MATCH = YES;
				"CODE_SIGN_IDENTITY[sdk=iphoneos*]" = "iPhone Developer";
				COPY_PHASE_STRIP = NO;
				DEBUG_INFORMATION_FORMAT = dwarf;
				ENABLE_STRICT_OBJC_MSGSEND = YES;
				ENABLE_TESTABILITY = YES;
				GCC_C_LANGUAGE_STANDARD = gnu99;
				GCC_DYNAMIC_NO_PIC = NO;
				GCC_NO_COMMON_BLOCKS = YES;
				GCC_OPTIMIZATION_LEVEL = 0;
				GCC_PREPROCESSOR_DEFINITIONS = (
					"DEBUG=1",
					"$(inherited)",
				);
				GCC_WARN_64_TO_32_BIT_CONVERSION = YES;
				GCC_WARN_ABOUT_RETURN_TYPE = YES_ERROR;
				GCC_WARN_UNDECLARED_SELECTOR = YES;
				GCC_WARN_UNINITIALIZED_AUTOS = YES_AGGRESSIVE;
				GCC_WARN_UNUSED_FUNCTION = YES;
				GCC_WARN_UNUSED_VARIABLE = YES;
				IPHONEOS_DEPLOYMENT_TARGET = 10.2;
				MTL_ENABLE_DEBUG_INFO = YES;
				ONLY_ACTIVE_ARCH = YES;
				SDKROOT = iphoneos;
				SWIFT_ACTIVE_COMPILATION_CONDITIONS = DEBUG;
				SWIFT_OPTIMIZATION_LEVEL = "-Onone";
			};
			name = Debug;
		};
		9AB5A1BC1E20CD5100270370 /* Release */ = {
			isa = XCBuildConfiguration;
			buildSettings = {
				ALWAYS_SEARCH_USER_PATHS = NO;
				CLANG_ANALYZER_NONNULL = YES;
				CLANG_CXX_LANGUAGE_STANDARD = "gnu++0x";
				CLANG_CXX_LIBRARY = "libc++";
				CLANG_ENABLE_MODULES = YES;
				CLANG_ENABLE_OBJC_ARC = YES;
				CLANG_WARN_BOOL_CONVERSION = YES;
				CLANG_WARN_CONSTANT_CONVERSION = YES;
				CLANG_WARN_DIRECT_OBJC_ISA_USAGE = YES_ERROR;
				CLANG_WARN_DOCUMENTATION_COMMENTS = YES;
				CLANG_WARN_EMPTY_BODY = YES;
				CLANG_WARN_ENUM_CONVERSION = YES;
				CLANG_WARN_INFINITE_RECURSION = YES;
				CLANG_WARN_INT_CONVERSION = YES;
				CLANG_WARN_OBJC_ROOT_CLASS = YES_ERROR;
				CLANG_WARN_SUSPICIOUS_MOVE = YES;
				CLANG_WARN_UNREACHABLE_CODE = YES;
				CLANG_WARN__DUPLICATE_METHOD_MATCH = YES;
				"CODE_SIGN_IDENTITY[sdk=iphoneos*]" = "iPhone Developer";
				COPY_PHASE_STRIP = NO;
				DEBUG_INFORMATION_FORMAT = "dwarf-with-dsym";
				ENABLE_NS_ASSERTIONS = NO;
				ENABLE_STRICT_OBJC_MSGSEND = YES;
				GCC_C_LANGUAGE_STANDARD = gnu99;
				GCC_NO_COMMON_BLOCKS = YES;
				GCC_WARN_64_TO_32_BIT_CONVERSION = YES;
				GCC_WARN_ABOUT_RETURN_TYPE = YES_ERROR;
				GCC_WARN_UNDECLARED_SELECTOR = YES;
				GCC_WARN_UNINITIALIZED_AUTOS = YES_AGGRESSIVE;
				GCC_WARN_UNUSED_FUNCTION = YES;
				GCC_WARN_UNUSED_VARIABLE = YES;
				IPHONEOS_DEPLOYMENT_TARGET = 10.2;
				MTL_ENABLE_DEBUG_INFO = NO;
				SDKROOT = iphoneos;
				SWIFT_OPTIMIZATION_LEVEL = "-Owholemodule";
				VALIDATE_PRODUCT = YES;
			};
			name = Release;
		};
		9AB5A1BE1E20CD5100270370 /* Debug */ = {
			isa = XCBuildConfiguration;
			buildSettings = {
				ASSETCATALOG_COMPILER_APPICON_NAME = AppIcon;
				DEVELOPMENT_TEAM = EEUTV9WE3D;
				INFOPLIST_FILE = SampleIOSSnapshot/Info.plist;
				LD_RUNPATH_SEARCH_PATHS = "$(inherited) @executable_path/Frameworks";
				PRODUCT_BUNDLE_IDENTIFIER = com.example.moko.SampleIOSSnapshot;
				PRODUCT_NAME = "$(TARGET_NAME)";
				SWIFT_VERSION = 3.0;
			};
			name = Debug;
		};
		9AB5A1BF1E20CD5100270370 /* Release */ = {
			isa = XCBuildConfiguration;
			buildSettings = {
				ASSETCATALOG_COMPILER_APPICON_NAME = AppIcon;
				DEVELOPMENT_TEAM = EEUTV9WE3D;
				INFOPLIST_FILE = SampleIOSSnapshot/Info.plist;
				LD_RUNPATH_SEARCH_PATHS = "$(inherited) @executable_path/Frameworks";
				PRODUCT_BUNDLE_IDENTIFIER = com.example.moko.SampleIOSSnapshot;
				PRODUCT_NAME = "$(TARGET_NAME)";
				SWIFT_VERSION = 3.0;
			};
			name = Release;
		};
/* End XCBuildConfiguration section */

/* Begin XCConfigurationList section */
		9AB5A1A61E20CD5000270370 /* Build configuration list for PBXProject "SampleIOSSnapshot" */ = {
			isa = XCConfigurationList;
			buildConfigurations = (
				9AB5A1BB1E20CD5100270370 /* Debug */,
				9AB5A1BC1E20CD5100270370 /* Release */,
			);
			defaultConfigurationIsVisible = 0;
			defaultConfigurationName = Release;
		};
		9AB5A1BD1E20CD5100270370 /* Build configuration list for PBXNativeTarget "SampleIOSSnapshot" */ = {
			isa = XCConfigurationList;
			buildConfigurations = (
				9AB5A1BE1E20CD5100270370 /* Debug */,
				9AB5A1BF1E20CD5100270370 /* Release */,
			);
			defaultConfigurationIsVisible = 0;
		};
/* End XCConfigurationList section */
	};
	rootObject = 9AB5A1A31E20CD5000270370 /* Project object */;
}
